
Microsoft Visual Studio Solution File, Format Version 12.00
# Visual Studio 15
VisualStudioVersion = 15.0.28010.2019
MinimumVisualStudioVersion = 10.0.40219.1
Project("{8BC9CEB8-8B4A-11D0-8D11-00A0C91BC942}") = "NovelGrabber", "NovelGrabber.vcxproj", "{6A276DFF-8E5F-4536-A1FF-1E73423E546A}"
	ProjectSection(ProjectDependencies) = postProject
		{1E0B9EC4-4AEA-4C47-98E8-84147BCF92C3} = {1E0B9EC4-4AEA-4C47-98E8-84147BCF92C3}
	EndProjectSection
EndProject
Project("{8BC9CEB8-8B4A-11D0-8D11-00A0C91BC942}") = "HttpClientLite", "HttpClientLite\HttpClientLite.vcxproj", "{1E0B9EC4-4AEA-4C47-98E8-84147BCF92C3}"
EndProject
Global
	GlobalSection(SolutionConfigurationPlatforms) = preSolution
		Debug|x64 = Debug|x64
		Release|x64 = Release|x64
	EndGlobalSection
	GlobalSection(ProjectConfigurationPlatforms) = postSolution
		{6A276DFF-8E5F-4536-A1FF-1E73423E546A}.Debug|x64.ActiveCfg = Debug|x64
		{6A276DFF-8E5F-4536-A1FF-1E73423E546A}.Debug|x64.Build.0 = Debug|x64
		{6A276DFF-8E5F-4536-A1FF-1E73423E546A}.Release|x64.ActiveCfg = Release|x64
		{6A276DFF-8E5F-4536-A1FF-1E73423E546A}.Release|x64.Build.0 = Release|x64
		{1E0B9EC4-4AEA-4C47-98E8-84147BCF92C3}.Debug|x64.ActiveCfg = Debug|x64
		{1E0B9EC4-4AEA-4C47-98E8-84147BCF92C3}.Debug|x64.Build.0 = Debug|x64
		{1E0B9EC4-4AEA-4C47-98E8-84147BCF92C3}.Release|x64.ActiveCfg = Release|x64
		{1E0B9EC4-4AEA-4C47-98E8-84147BCF92C3}.Release|x64.Build.0 = Release|x64
	EndGlobalSection
	GlobalSection(SolutionProperties) = preSolution
		HideSolutionNode = FALSE
	EndGlobalSection
	GlobalSection(ExtensibilityGlobals) = postSolution
		SolutionGuid = {E134540E-C715-4F8C-BB5B-444AD4D74D59}
	EndGlobalSection
EndGlobal
